
Microsoft Visual Studio Solution File, Format Version 12.00
Project("{FAE04EC0-301F-11D3-BF4B-00C04F79EFBC}") = "2026offerTest", "2026offerTest\2026offerTest.csproj", "{00150A59-DB4E-43D4-AB60-BA61391D7804}"
EndProject
Global
	GlobalSection(SolutionConfigurationPlatforms) = preSolution
		Debug|Any CPU = Debug|Any CPU
		Release|Any CPU = Release|Any CPU
	EndGlobalSection
	GlobalSection(ProjectConfigurationPlatforms) = postSolution
		{00150A59-DB4E-43D4-AB60-BA61391D7804}.Debug|Any CPU.ActiveCfg = Debug|Any CPU
		{00150A59-DB4E-43D4-AB60-BA61391D7804}.Debug|Any CPU.Build.0 = Debug|Any CPU
		{00150A59-DB4E-43D4-AB60-BA61391D7804}.Release|Any CPU.ActiveCfg = Release|Any CPU
		{00150A59-DB4E-43D4-AB60-BA61391D7804}.Release|Any CPU.Build.0 = Release|Any CPU
	EndGlobalSection
EndGlobal
